
Microsoft Visual Studio Solution File, Format Version 12.00
# Visual Studio 2013
VisualStudioVersion = 12.0.31101.0
MinimumVisualStudioVersion = 10.0.40219.1
Project("{FAE04EC0-301F-11D3-BF4B-00C04F79EFBC}") = "CustomFont", "CustomFont\CustomFont\CustomFont.csproj", "{690D032C-5BB4-413E-8FA0-B8F33E557E63}"
EndProject
Project("{FAE04EC0-301F-11D3-BF4B-00C04F79EFBC}") = "CustomFont.iOS", "CustomFont\CustomFont.iOS\CustomFont.iOS.csproj", "{B8820D76-935C-4816-BB5D-11EC754D422F}"
EndProject
Project("{FAE04EC0-301F-11D3-BF4B-00C04F79EFBC}") = "CustomFont.Droid", "CustomFont\CustomFont.Droid\CustomFont.Droid.csproj", "{02838C94-7F73-4D85-9E30-3E3B232A2771}"
EndProject
Project("{FAE04EC0-301F-11D3-BF4B-00C04F79EFBC}") = "CustomFont.WinPhone", "CustomFont\CustomFont.WinPhone\CustomFont.WinPhone.csproj", "{FE9E998D-9472-47D1-9E80-7BAF8773C1C9}"
EndProject
Global
	GlobalSection(SolutionConfigurationPlatforms) = preSolution
		Ad-Hoc|Any CPU = Ad-Hoc|Any CPU
		Ad-Hoc|ARM = Ad-Hoc|ARM
		Ad-Hoc|iPhone = Ad-Hoc|iPhone
		Ad-Hoc|iPhoneSimulator = Ad-Hoc|iPhoneSimulator
		Ad-Hoc|Mixed Platforms = Ad-Hoc|Mixed Platforms
		Ad-Hoc|x86 = Ad-Hoc|x86
		AppStore|Any CPU = AppStore|Any CPU
		AppStore|ARM = AppStore|ARM
		AppStore|iPhone = AppStore|iPhone
		AppStore|iPhoneSimulator = AppStore|iPhoneSimulator
		AppStore|Mixed Platforms = AppStore|Mixed Platforms
		AppStore|x86 = AppStore|x86
		Debug|Any CPU = Debug|Any CPU
		Debug|ARM = Debug|ARM
		Debug|iPhone = Debug|iPhone
		Debug|iPhoneSimulator = Debug|iPhoneSimulator
		Debug|Mixed Platforms = Debug|Mixed Platforms
		Debug|x86 = Debug|x86
		Release|Any CPU = Release|Any CPU
		Release|ARM = Release|ARM
		Release|iPhone = Release|iPhone
		Release|iPhoneSimulator = Release|iPhoneSimulator
		Release|Mixed Platforms = Release|Mixed Platforms
		Release|x86 = Release|x86
	EndGlobalSection
	GlobalSection(ProjectConfigurationPlatforms) = postSolution
		{690D032C-5BB4-413E-8FA0-B8F33E557E63}.Ad-Hoc|Any CPU.ActiveCfg = Release|Any CPU
		{690D032C-5BB4-413E-8FA0-B8F33E557E63}.Ad-Hoc|Any CPU.Build.0 = Release|Any CPU
		{690D032C-5BB4-413E-8FA0-B8F33E557E63}.Ad-Hoc|ARM.ActiveCfg = Release|Any CPU
		{690D032C-5BB4-413E-8FA0-B8F33E557E63}.Ad-Hoc|iPhone.ActiveCfg = Release|Any CPU
		{690D032C-5BB4-413E-8FA0-B8F33E557E63}.Ad-Hoc|iPhoneSimulator.ActiveCfg = Release|Any CPU
		{690D032C-5BB4-413E-8FA0-B8F33E557E63}.Ad-Hoc|Mixed Platforms.ActiveCfg = Release|Any CPU
		{690D032C-5BB4-413E-8FA0-B8F33E557E63}.Ad-Hoc|Mixed Platforms.Build.0 = Release|Any CPU
		{690D032C-5BB4-413E-8FA0-B8F33E557E63}.Ad-Hoc|x86.ActiveCfg = Release|Any CPU
		{690D032C-5BB4-413E-8FA0-B8F33E557E63}.AppStore|Any CPU.ActiveCfg = Release|Any CPU
		{690D032C-5BB4-413E-8FA0-B8F33E557E63}.AppStore|Any CPU.Build.0 = Release|Any CPU
		{690D032C-5BB4-413E-8FA0-B8F33E557E63}.AppStore|ARM.ActiveCfg = Release|Any CPU
		{690D032C-5BB4-413E-8FA0-B8F33E557E63}.AppStore|iPhone.ActiveCfg = Release|Any CPU
		{690D032C-5BB4-413E-8FA0-B8F33E557E63}.AppStore|iPhoneSimulator.ActiveCfg = Release|Any CPU
		{690D032C-5BB4-413E-8FA0-B8F33E557E63}.AppStore|Mixed Platforms.ActiveCfg = Release|Any CPU
		{690D032C-5BB4-413E-8FA0-B8F33E557E63}.AppStore|Mixed Platforms.Build.0 = Release|Any CPU
		{690D032C-5BB4-413E-8FA0-B8F33E557E63}.AppStore|x86.ActiveCfg = Release|Any CPU
		{690D032C-5BB4-413E-8FA0-B8F33E557E63}.Debug|Any CPU.ActiveCfg = Debug|Any CPU
		{690D032C-5BB4-413E-8FA0-B8F33E557E63}.Debug|Any CPU.Build.0 = Debug|Any CPU
		{690D032C-5BB4-413E-8FA0-B8F33E557E63}.Debug|ARM.ActiveCfg = Debug|Any CPU
		{690D032C-5BB4-413E-8FA0-B8F33E557E63}.Debug|iPhone.ActiveCfg = Debug|Any CPU
		{690D032C-5BB4-413E-8FA0-B8F33E557E63}.Debug|iPhoneSimulator.ActiveCfg = Debug|Any CPU
		{690D032C-5BB4-413E-8FA0-B8F33E557E63}.Debug|Mixed Platforms.ActiveCfg = Debug|Any CPU
		{690D032C-5BB4-413E-8FA0-B8F33E557E63}.Debug|Mixed Platforms.Build.0 = Debug|Any CPU
		{690D032C-5BB4-413E-8FA0-B8F33E557E63}.Debug|x86.ActiveCfg = Debug|Any CPU
		{690D032C-5BB4-413E-8FA0-B8F33E557E63}.Release|Any CPU.ActiveCfg = Release|Any CPU
		{690D032C-5BB4-413E-8FA0-B8F33E557E63}.Release|Any CPU.Build.0 = Release|Any CPU
		{690D032C-5BB4-413E-8FA0-B8F33E557E63}.Release|ARM.ActiveCfg = Release|Any CPU
		{690D032C-5BB4-413E-8FA0-B8F33E557E63}.Release|iPhone.ActiveCfg = Release|Any CPU
		{690D032C-5BB4-413E-8FA0-B8F33E557E63}.Release|iPhoneSimulator.ActiveCfg = Release|Any CPU
		{690D032C-5BB4-413E-8FA0-B8F33E557E63}.Release|Mixed Platforms.ActiveCfg = Release|Any CPU
		{690D032C-5BB4-413E-8FA0-B8F33E557E63}.Release|Mixed Platforms.Build.0 = Release|Any CPU
		{690D032C-5BB4-413E-8FA0-B8F33E557E63}.Release|x86.ActiveCfg = Release|Any CPU
		{B8820D76-935C-4816-BB5D-11EC754D422F}.Ad-Hoc|Any CPU.ActiveCfg = Ad-Hoc|iPhone
		{B8820D76-935C-4816-BB5D-11EC754D422F}.Ad-Hoc|ARM.ActiveCfg = Ad-Hoc|iPhone
		{B8820D76-935C-4816-BB5D-11EC754D422F}.Ad-Hoc|iPhone.ActiveCfg = Ad-Hoc|iPhone
		{B8820D76-935C-4816-BB5D-11EC754D422F}.Ad-Hoc|iPhone.Build.0 = Ad-Hoc|iPhone
		{B8820D76-935C-4816-BB5D-11EC754D422F}.Ad-Hoc|iPhoneSimulator.ActiveCfg = Ad-Hoc|iPhoneSimulator
		{B8820D76-935C-4816-BB5D-11EC754D422F}.Ad-Hoc|iPhoneSimulator.Build.0 = Ad-Hoc|iPhoneSimulator
		{B8820D76-935C-4816-BB5D-11EC754D422F}.Ad-Hoc|Mixed Platforms.ActiveCfg = Ad-Hoc|iPhone
		{B8820D76-935C-4816-BB5D-11EC754D422F}.Ad-Hoc|Mixed Platforms.Build.0 = Ad-Hoc|iPhone
		{B8820D76-935C-4816-BB5D-11EC754D422F}.Ad-Hoc|x86.ActiveCfg = Ad-Hoc|iPhone
		{B8820D76-935C-4816-BB5D-11EC754D422F}.AppStore|Any CPU.ActiveCfg = AppStore|iPhone
		{B8820D76-935C-4816-BB5D-11EC754D422F}.AppStore|ARM.ActiveCfg = AppStore|iPhone
		{B8820D76-935C-4816-BB5D-11EC754D422F}.AppStore|iPhone.ActiveCfg = AppStore|iPhone
		{B8820D76-935C-4816-BB5D-11EC754D422F}.AppStore|iPhone.Build.0 = AppStore|iPhone
		{B8820D76-935C-4816-BB5D-11EC754D422F}.AppStore|iPhoneSimulator.ActiveCfg = AppStore|iPhoneSimulator
		{B8820D76-935C-4816-BB5D-11EC754D422F}.AppStore|iPhoneSimulator.Build.0 = AppStore|iPhoneSimulator
		{B8820D76-935C-4816-BB5D-11EC754D422F}.AppStore|Mixed Platforms.ActiveCfg = AppStore|iPhone
		{B8820D76-935C-4816-BB5D-11EC754D422F}.AppStore|Mixed Platforms.Build.0 = AppStore|iPhone
		{B8820D76-935C-4816-BB5D-11EC754D422F}.AppStore|x86.ActiveCfg = AppStore|iPhone
		{B8820D76-935C-4816-BB5D-11EC754D422F}.Debug|Any CPU.ActiveCfg = Debug|iPhone
		{B8820D76-935C-4816-BB5D-11EC754D422F}.Debug|ARM.ActiveCfg = Debug|iPhone
		{B8820D76-935C-4816-BB5D-11EC754D422F}.Debug|iPhone.ActiveCfg = Debug|iPhone
		{B8820D76-935C-4816-BB5D-11EC754D422F}.Debug|iPhone.Build.0 = Debug|iPhone
		{B8820D76-935C-4816-BB5D-11EC754D422F}.Debug|iPhoneSimulator.ActiveCfg = Debug|iPhoneSimulator
		{B8820D76-935C-4816-BB5D-11EC754D422F}.Debug|iPhoneSimulator.Build.0 = Debug|iPhoneSimulator
		{B8820D76-935C-4816-BB5D-11EC754D422F}.Debug|Mixed Platforms.ActiveCfg = Debug|iPhone
		{B8820D76-935C-4816-BB5D-11EC754D422F}.Debug|Mixed Platforms.Build.0 = Debug|iPhone
		{B8820D76-935C-4816-BB5D-11EC754D422F}.Debug|x86.ActiveCfg = Debug|iPhone
		{B8820D76-935C-4816-BB5D-11EC754D422F}.Release|Any CPU.ActiveCfg = Release|iPhone
		{B8820D76-935C-4816-BB5D-11EC754D422F}.Release|ARM.ActiveCfg = Release|iPhone
		{B8820D76-935C-4816-BB5D-11EC754D422F}.Release|iPhone.ActiveCfg = Release|iPhone
		{B8820D76-935C-4816-BB5D-11EC754D422F}.Release|iPhone.Build.0 = Release|iPhone
		{B8820D76-935C-4816-BB5D-11EC754D422F}.Release|iPhoneSimulator.ActiveCfg = Release|iPhoneSimulator
		{B8820D76-935C-4816-BB5D-11EC754D422F}.Release|iPhoneSimulator.Build.0 = Release|iPhoneSimulator
		{B8820D76-935C-4816-BB5D-11EC754D422F}.Release|Mixed Platforms.ActiveCfg = Release|iPhone
		{B8820D76-935C-4816-BB5D-11EC754D422F}.Release|Mixed Platforms.Build.0 = Release|iPhone
		{B8820D76-935C-4816-BB5D-11EC754D422F}.Release|x86.ActiveCfg = Release|iPhone
		{02838C94-7F73-4D85-9E30-3E3B232A2771}.Ad-Hoc|Any CPU.ActiveCfg = Release|Any CPU
		{02838C94-7F73-4D85-9E30-3E3B232A2771}.Ad-Hoc|Any CPU.Build.0 = Release|Any CPU
		{02838C94-7F73-4D85-9E30-3E3B232A2771}.Ad-Hoc|Any CPU.Deploy.0 = Release|Any CPU
		{02838C94-7F73-4D85-9E30-3E3B232A2771}.Ad-Hoc|ARM.ActiveCfg = Release|Any CPU
		{02838C94-7F73-4D85-9E30-3E3B232A2771}.Ad-Hoc|iPhone.ActiveCfg = Release|Any CPU
		{02838C94-7F73-4D85-9E30-3E3B232A2771}.Ad-Hoc|iPhoneSimulator.ActiveCfg = Release|Any CPU
		{02838C94-7F73-4D85-9E30-3E3B232A2771}.Ad-Hoc|Mixed Platforms.ActiveCfg = Release|Any CPU
		{02838C94-7F73-4D85-9E30-3E3B232A2771}.Ad-Hoc|Mixed Platforms.Build.0 = Release|Any CPU
		{02838C94-7F73-4D85-9E30-3E3B232A2771}.Ad-Hoc|Mixed Platforms.Deploy.0 = Release|Any CPU
		{02838C94-7F73-4D85-9E30-3E3B232A2771}.Ad-Hoc|x86.ActiveCfg = Release|Any CPU
		{02838C94-7F73-4D85-9E30-3E3B232A2771}.AppStore|Any CPU.ActiveCfg = Release|Any CPU
		{02838C94-7F73-4D85-9E30-3E3B232A2771}.AppStore|Any CPU.Build.0 = Release|Any CPU
		{02838C94-7F73-4D85-9E30-3E3B232A2771}.AppStore|Any CPU.Deploy.0 = Release|Any CPU
		{02838C94-7F73-4D85-9E30-3E3B232A2771}.AppStore|ARM.ActiveCfg = Release|Any CPU
		{02838C94-7F73-4D85-9E30-3E3B232A2771}.AppStore|iPhone.ActiveCfg = Release|Any CPU
		{02838C94-7F73-4D85-9E30-3E3B232A2771}.AppStore|iPhoneSimulator.ActiveCfg = Release|Any CPU
		{02838C94-7F73-4D85-9E30-3E3B232A2771}.AppStore|Mixed Platforms.ActiveCfg = Release|Any CPU
		{02838C94-7F73-4D85-9E30-3E3B232A2771}.AppStore|Mixed Platforms.Build.0 = Release|Any CPU
		{02838C94-7F73-4D85-9E30-3E3B232A2771}.AppStore|Mixed Platforms.Deploy.0 = Release|Any CPU
		{02838C94-7F73-4D85-9E30-3E3B232A2771}.AppStore|x86.ActiveCfg = Release|Any CPU
		{02838C94-7F73-4D85-9E30-3E3B232A2771}.Debug|Any CPU.ActiveCfg = Debug|Any CPU
		{02838C94-7F73-4D85-9E30-3E3B232A2771}.Debug|Any CPU.Build.0 = Debug|Any CPU
		{02838C94-7F73-4D85-9E30-3E3B232A2771}.Debug|Any CPU.Deploy.0 = Debug|Any CPU
		{02838C94-7F73-4D85-9E30-3E3B232A2771}.Debug|ARM.ActiveCfg = Debug|Any CPU
		{02838C94-7F73-4D85-9E30-3E3B232A2771}.Debug|iPhone.ActiveCfg = Debug|Any CPU
		{02838C94-7F73-4D85-9E30-3E3B232A2771}.Debug|iPhoneSimulator.ActiveCfg = Debug|Any CPU
		{02838C94-7F73-4D85-9E30-3E3B232A2771}.Debug|Mixed Platforms.ActiveCfg = Debug|Any CPU
		{02838C94-7F73-4D85-9E30-3E3B232A2771}.Debug|Mixed Platforms.Build.0 = Debug|Any CPU
		{02838C94-7F73-4D85-9E30-3E3B232A2771}.Debug|Mixed Platforms.Deploy.0 = Debug|Any CPU
		{02838C94-7F73-4D85-9E30-3E3B232A2771}.Debug|x86.ActiveCfg = Debug|Any CPU
		{02838C94-7F73-4D85-9E30-3E3B232A2771}.Release|Any CPU.ActiveCfg = Release|Any CPU
		{02838C94-7F73-4D85-9E30-3E3B232A2771}.Release|Any CPU.Build.0 = Release|Any CPU
		{02838C94-7F73-4D85-9E30-3E3B232A2771}.Release|Any CPU.Deploy.0 = Release|Any CPU
		{02838C94-7F73-4D85-9E30-3E3B232A2771}.Release|ARM.ActiveCfg = Release|Any CPU
		{02838C94-7F73-4D85-9E30-3E3B232A2771}.Release|iPhone.ActiveCfg = Release|Any CPU
		{02838C94-7F73-4D85-9E30-3E3B232A2771}.Release|iPhoneSimulator.ActiveCfg = Release|Any CPU
		{02838C94-7F73-4D85-9E30-3E3B232A2771}.Release|Mixed Platforms.ActiveCfg = Release|Any CPU
		{02838C94-7F73-4D85-9E30-3E3B232A2771}.Release|Mixed Platforms.Build.0 = Release|Any CPU
		{02838C94-7F73-4D85-9E30-3E3B232A2771}.Release|Mixed Platforms.Deploy.0 = Release|Any CPU
		{02838C94-7F73-4D85-9E30-3E3B232A2771}.Release|x86.ActiveCfg = Release|Any CPU
		{FE9E998D-9472-47D1-9E80-7BAF8773C1C9}.Ad-Hoc|Any CPU.ActiveCfg = Release|Any CPU
		{FE9E998D-9472-47D1-9E80-7BAF8773C1C9}.Ad-Hoc|Any CPU.Build.0 = Release|Any CPU
		{FE9E998D-9472-47D1-9E80-7BAF8773C1C9}.Ad-Hoc|Any CPU.Deploy.0 = Release|Any CPU
		{FE9E998D-9472-47D1-9E80-7BAF8773C1C9}.Ad-Hoc|ARM.ActiveCfg = Release|ARM
		{FE9E998D-9472-47D1-9E80-7BAF8773C1C9}.Ad-Hoc|ARM.Build.0 = Release|ARM
		{FE9E998D-9472-47D1-9E80-7BAF8773C1C9}.Ad-Hoc|ARM.Deploy.0 = Release|ARM
		{FE9E998D-9472-47D1-9E80-7BAF8773C1C9}.Ad-Hoc|iPhone.ActiveCfg = Release|Any CPU
		{FE9E998D-9472-47D1-9E80-7BAF8773C1C9}.Ad-Hoc|iPhoneSimulator.ActiveCfg = Release|Any CPU
		{FE9E998D-9472-47D1-9E80-7BAF8773C1C9}.Ad-Hoc|Mixed Platforms.ActiveCfg = Release|x86
		{FE9E998D-9472-47D1-9E80-7BAF8773C1C9}.Ad-Hoc|Mixed Platforms.Build.0 = Release|x86
		{FE9E998D-9472-47D1-9E80-7BAF8773C1C9}.Ad-Hoc|Mixed Platforms.Deploy.0 = Release|x86
		{FE9E998D-9472-47D1-9E80-7BAF8773C1C9}.Ad-Hoc|x86.ActiveCfg = Release|x86
		{FE9E998D-9472-47D1-9E80-7BAF8773C1C9}.Ad-Hoc|x86.Build.0 = Release|x86
		{FE9E998D-9472-47D1-9E80-7BAF8773C1C9}.Ad-Hoc|x86.Deploy.0 = Release|x86
		{FE9E998D-9472-47D1-9E80-7BAF8773C1C9}.AppStore|Any CPU.ActiveCfg = Release|Any CPU
		{FE9E998D-9472-47D1-9E80-7BAF8773C1C9}.AppStore|Any CPU.Build.0 = Release|Any CPU
		{FE9E998D-9472-47D1-9E80-7BAF8773C1C9}.AppStore|Any CPU.Deploy.0 = Release|Any CPU
		{FE9E998D-9472-47D1-9E80-7BAF8773C1C9}.AppStore|ARM.ActiveCfg = Release|ARM
		{FE9E998D-9472-47D1-9E80-7BAF8773C1C9}.AppStore|ARM.Build.0 = Release|ARM
		{FE9E998D-9472-47D1-9E80-7BAF8773C1C9}.AppStore|ARM.Deploy.0 = Release|ARM
		{FE9E998D-9472-47D1-9E80-7BAF8773C1C9}.AppStore|iPhone.ActiveCfg = Release|Any CPU
		{FE9E998D-9472-47D1-9E80-7BAF8773C1C9}.AppStore|iPhoneSimulator.ActiveCfg = Release|Any CPU
		{FE9E998D-9472-47D1-9E80-7BAF8773C1C9}.AppStore|Mixed Platforms.ActiveCfg = Release|x86
		{FE9E998D-9472-47D1-9E80-7BAF8773C1C9}.AppStore|Mixed Platforms.Build.0 = Release|x86
		{FE9E998D-9472-47D1-9E80-7BAF8773C1C9}.AppStore|Mixed Platforms.Deploy.0 = Release|x86
		{FE9E998D-9472-47D1-9E80-7BAF8773C1C9}.AppStore|x86.ActiveCfg = Release|x86
		{FE9E998D-9472-47D1-9E80-7BAF8773C1C9}.AppStore|x86.Build.0 = Release|x86
		{FE9E998D-9472-47D1-9E80-7BAF8773C1C9}.AppStore|x86.Deploy.0 = Release|x86
		{FE9E998D-9472-47D1-9E80-7BAF8773C1C9}.Debug|Any CPU.ActiveCfg = Debug|Any CPU
		{FE9E998D-9472-47D1-9E80-7BAF8773C1C9}.Debug|Any CPU.Build.0 = Debug|Any CPU
		{FE9E998D-9472-47D1-9E80-7BAF8773C1C9}.Debug|Any CPU.Deploy.0 = Debug|Any CPU
		{FE9E998D-9472-47D1-9E80-7BAF8773C1C9}.Debug|ARM.ActiveCfg = Debug|ARM
		{FE9E998D-9472-47D1-9E80-7BAF8773C1C9}.Debug|ARM.Build.0 = Debug|ARM
		{FE9E998D-9472-47D1-9E80-7BAF8773C1C9}.Debug|ARM.Deploy.0 = Debug|ARM
		{FE9E998D-9472-47D1-9E80-7BAF8773C1C9}.Debug|iPhone.ActiveCfg = Debug|Any CPU
		{FE9E998D-9472-47D1-9E80-7BAF8773C1C9}.Debug|iPhoneSimulator.ActiveCfg = Debug|Any CPU
		{FE9E998D-9472-47D1-9E80-7BAF8773C1C9}.Debug|Mixed Platforms.ActiveCfg = Debug|x86
		{FE9E998D-9472-47D1-9E80-7BAF8773C1C9}.Debug|Mixed Platforms.Build.0 = Debug|x86
		{FE9E998D-9472-47D1-9E80-7BAF8773C1C9}.Debug|Mixed Platforms.Deploy.0 = Debug|x86
		{FE9E998D-9472-47D1-9E80-7BAF8773C1C9}.Debug|x86.ActiveCfg = Debug|x86
		{FE9E998D-9472-47D1-9E80-7BAF8773C1C9}.Debug|x86.Build.0 = Debug|x86
		{FE9E998D-9472-47D1-9E80-7BAF8773C1C9}.Debug|x86.Deploy.0 = Debug|x86
		{FE9E998D-9472-47D1-9E80-7BAF8773C1C9}.Release|Any CPU.ActiveCfg = Release|Any CPU
		{FE9E998D-9472-47D1-9E80-7BAF8773C1C9}.Release|Any CPU.Build.0 = Release|Any CPU
		{FE9E998D-9472-47D1-9E80-7BAF8773C1C9}.Release|Any CPU.Deploy.0 = Release|Any CPU
		{FE9E998D-9472-47D1-9E80-7BAF8773C1C9}.Release|ARM.ActiveCfg = Release|ARM
		{FE9E998D-9472-47D1-9E80-7BAF8773C1C9}.Release|ARM.Build.0 = Release|ARM
		{FE9E998D-9472-47D1-9E80-7BAF8773C1C9}.Release|ARM.Deploy.0 = Release|ARM
		{FE9E998D-9472-47D1-9E80-7BAF8773C1C9}.Release|iPhone.ActiveCfg = Release|Any CPU
		{FE9E998D-9472-47D1-9E80-7BAF8773C1C9}.Release|iPhoneSimulator.ActiveCfg = Release|Any CPU
		{FE9E998D-9472-47D1-9E80-7BAF8773C1C9}.Release|Mixed Platforms.ActiveCfg = Release|x86
		{FE9E998D-9472-47D1-9E80-7BAF8773C1C9}.Release|Mixed Platforms.Build.0 = Release|x86
		{FE9E998D-9472-47D1-9E80-7BAF8773C1C9}.Release|Mixed Platforms.Deploy.0 = Release|x86
		{FE9E998D-9472-47D1-9E80-7BAF8773C1C9}.Release|x86.ActiveCfg = Release|x86
		{FE9E998D-9472-47D1-9E80-7BAF8773C1C9}.Release|x86.Build.0 = Release|x86
		{FE9E998D-9472-47D1-9E80-7BAF8773C1C9}.Release|x86.Deploy.0 = Release|x86
	EndGlobalSection
	GlobalSection(SolutionProperties) = preSolution
		HideSolutionNode = FALSE
	EndGlobalSection
EndGlobal
